
Microsoft Visual Studio Solution File, Format Version 12.00
# Visual Studio Version 17
VisualStudioVersion = 17.7.34024.191
MinimumVisualStudioVersion = 10.0.40219.1
Project("{FAE04EC0-301F-11D3-BF4B-00C04F79EFBC}") = "alfabetik siralama", "alfabetik siralama\alfabetik siralama.csproj", "{89A3CB3C-C22B-437A-86DA-3417136A194C}"
EndProject
Global
	GlobalSection(SolutionConfigurationPlatforms) = preSolution
		Debug|Any CPU = Debug|Any CPU
		Release|Any CPU = Release|Any CPU
	EndGlobalSection
	GlobalSection(ProjectConfigurationPlatforms) = postSolution
		{89A3CB3C-C22B-437A-86DA-3417136A194C}.Debug|Any CPU.ActiveCfg = Debug|Any CPU
		{89A3CB3C-C22B-437A-86DA-3417136A194C}.Debug|Any CPU.Build.0 = Debug|Any CPU
		{89A3CB3C-C22B-437A-86DA-3417136A194C}.Release|Any CPU.ActiveCfg = Release|Any CPU
		{89A3CB3C-C22B-437A-86DA-3417136A194C}.Release|Any CPU.Build.0 = Release|Any CPU
	EndGlobalSection
	GlobalSection(SolutionProperties) = preSolution
		HideSolutionNode = FALSE
	EndGlobalSection
	GlobalSection(ExtensibilityGlobals) = postSolution
		SolutionGuid = {712CD84B-D957-4B67-BF8E-FC80132F9120}
	EndGlobalSection
EndGlobal
